
Microsoft Visual Studio Solution File, Format Version 12.00
# Visual Studio 15
VisualStudioVersion = 15.0.28307.271
MinimumVisualStudioVersion = 10.0.40219.1
Project("{FAE04EC0-301F-11D3-BF4B-00C04F79EFBC}") = "ProjetoBaseTransparencia", "ProjetoBaseTransparencia\ProjetoBaseTransparencia.csproj", "{454995E3-E46B-49E6-93CF-CD71315F82D8}"
EndProject
Global
	GlobalSection(SolutionConfigurationPlatforms) = preSolution
		Debug|Any CPU = Debug|Any CPU
		Release|Any CPU = Release|Any CPU
	EndGlobalSection
	GlobalSection(ProjectConfigurationPlatforms) = postSolution
		{454995E3-E46B-49E6-93CF-CD71315F82D8}.Debug|Any CPU.ActiveCfg = Debug|Any CPU
		{454995E3-E46B-49E6-93CF-CD71315F82D8}.Debug|Any CPU.Build.0 = Debug|Any CPU
		{454995E3-E46B-49E6-93CF-CD71315F82D8}.Release|Any CPU.ActiveCfg = Release|Any CPU
		{454995E3-E46B-49E6-93CF-CD71315F82D8}.Release|Any CPU.Build.0 = Release|Any CPU
	EndGlobalSection
	GlobalSection(SolutionProperties) = preSolution
		HideSolutionNode = FALSE
	EndGlobalSection
	GlobalSection(ExtensibilityGlobals) = postSolution
		SolutionGuid = {5CCC9CF5-B346-4EE7-909E-63FF09D2E466}
	EndGlobalSection
EndGlobal
