
Microsoft Visual Studio Solution File, Format Version 12.00
# Visual Studio 15
VisualStudioVersion = 15.0.28307.271
MinimumVisualStudioVersion = 10.0.40219.1
Project("{FAE04EC0-301F-11D3-BF4B-00C04F79EFBC}") = "RelatorioTransparencia", "RelatorioTransparencia\RelatorioTransparencia.csproj", "{9638E187-4B19-42E9-8283-C9DBF38F8238}"
EndProject
Global
	GlobalSection(SolutionConfigurationPlatforms) = preSolution
		Debug|Any CPU = Debug|Any CPU
		Release|Any CPU = Release|Any CPU
	EndGlobalSection
	GlobalSection(ProjectConfigurationPlatforms) = postSolution
		{9638E187-4B19-42E9-8283-C9DBF38F8238}.Debug|Any CPU.ActiveCfg = Debug|Any CPU
		{9638E187-4B19-42E9-8283-C9DBF38F8238}.Debug|Any CPU.Build.0 = Debug|Any CPU
		{9638E187-4B19-42E9-8283-C9DBF38F8238}.Release|Any CPU.ActiveCfg = Release|Any CPU
		{9638E187-4B19-42E9-8283-C9DBF38F8238}.Release|Any CPU.Build.0 = Release|Any CPU
	EndGlobalSection
	GlobalSection(SolutionProperties) = preSolution
		HideSolutionNode = FALSE
	EndGlobalSection
	GlobalSection(ExtensibilityGlobals) = postSolution
		SolutionGuid = {AFC262F1-F767-48F2-A3D2-7AE6E376434A}
	EndGlobalSection
EndGlobal
